
Microsoft Visual Studio Solution File, Format Version 12.00
# Visual Studio Version 17
VisualStudioVersion = 17.2.32516.85
MinimumVisualStudioVersion = 10.0.40219.1
Project("{9A19103F-16F7-4668-BE54-9A1E7A4F7556}") = "FW.WebAPI", "FW.Web\FW.WebAPI.csproj", "{63E90C84-86F7-4F2F-9F20-F57BD128497A}"
EndProject
Project("{9A19103F-16F7-4668-BE54-9A1E7A4F7556}") = "FW.UnitTests", "Tests\FW.UnitTests\FW.UnitTests.csproj", "{63967667-EDCF-4422-A64A-04FF0624E05C}"
EndProject
Project("{E53339B2-1760-4266-BCC7-CA923CBCF16C}") = "docker-compose", "docker-compose.dcproj", "{4931DDCF-081E-4D2A-85C7-18AC01E8DD65}"
EndProject
Project("{9A19103F-16F7-4668-BE54-9A1E7A4F7556}") = "FW.Management", "FW.Management\FW.Management.csproj", "{68A66BBE-48D0-42F2-99FE-23D54F463EAD}"
EndProject
Project("{2150E333-8FDC-42A3-9474-1A3956D46DE8}") = "Core", "Core", "{FB6C956B-37E4-49C5-A019-0363CCF5ADAD}"
EndProject
Project("{9A19103F-16F7-4668-BE54-9A1E7A4F7556}") = "FW.Domain", "Core\FW.Domain\FW.Domain.csproj", "{D74CB3B3-F211-4ADB-BE2C-3866EEAB33B5}"
EndProject
Project("{2150E333-8FDC-42A3-9474-1A3956D46DE8}") = "Application", "Application", "{481C8DB0-B226-4D38-BB3B-2B6778D90F4D}"
EndProject
Project("{9A19103F-16F7-4668-BE54-9A1E7A4F7556}") = "FW.BusinessLogic.Services", "Core\Application\FW.BusinessLogic.Services\FW.BusinessLogic.Services.csproj", "{D9F77FA7-266D-4834-ABDC-0C3654A5D5D7}"
EndProject
Project("{9A19103F-16F7-4668-BE54-9A1E7A4F7556}") = "FW.BusinessLogic.Services.Abstractions", "Core\Application\FW.BusinessLogic.Services.Abstractions\FW.BusinessLogic.Services.Abstractions.csproj", "{687B5133-4CDB-49C7-8DB0-C0E7B8B8D8F4}"
EndProject
Project("{9A19103F-16F7-4668-BE54-9A1E7A4F7556}") = "FW.BusinessLogic.Contracts", "Core\Application\FW.BusinessLogic.Contracts\FW.BusinessLogic.Contracts.csproj", "{D4DCE155-0D33-4F1B-80B0-D40E3857B3AD}"
EndProject
Project("{2150E333-8FDC-42A3-9474-1A3956D46DE8}") = "Infrastructure", "Infrastructure", "{A89D8DAF-1B77-44BD-A239-AC519A79E17B}"
EndProject
Project("{9A19103F-16F7-4668-BE54-9A1E7A4F7556}") = "FW.EntityFramework", "Infrastructure\FW.EntityFramework\FW.EntityFramework.csproj", "{0E5568BE-2311-402E-AC79-F64B6F4527A2}"
EndProject
Project("{2150E333-8FDC-42A3-9474-1A3956D46DE8}") = "Common", "Common", "{BE0A3269-11E4-44C7-9DF4-1F40DF913A91}"
EndProject
Project("{2150E333-8FDC-42A3-9474-1A3956D46DE8}") = "Tests", "Tests", "{CFF30CBA-8D96-4B3D-8D13-2635B08C62AF}"
EndProject
Project("{9A19103F-16F7-4668-BE54-9A1E7A4F7556}") = "FW.EventBus", "Common\FW.EventBusRabbitMQ\FW.EventBus.csproj", "{A7061A20-094D-4CDF-AACD-B3661212C469}"
EndProject
Project("{9A19103F-16F7-4668-BE54-9A1E7A4F7556}") = "FW.Migrations", "FW.Migrations\FW.Migrations.csproj", "{F5CE3641-4B9F-479D-9144-632D280BD5D9}"
EndProject
Project("{2150E333-8FDC-42A3-9474-1A3956D46DE8}") = "UI", "UI", "{6BB77A99-FEBE-44A4-AA0F-D259F3777D35}"
EndProject
Project("{9A19103F-16F7-4668-BE54-9A1E7A4F7556}") = "FW.WPF", "UI\FW.WPF\FW.WPF.csproj", "{6470CA5D-DCB3-48CA-B643-1E5A7F7DA61C}"
EndProject
Project("{9A19103F-16F7-4668-BE54-9A1E7A4F7556}") = "FW.RabbitMQOptions", "Common\FW.RabbitMQOptions\FW.RabbitMQOptions.csproj", "{B796A7FB-8AF1-4757-B85E-1D4FDE93D9EB}"
EndProject
Project("{9A19103F-16F7-4668-BE54-9A1E7A4F7556}") = "FW.Identity", "FW.Identity\FW.Identity.csproj", "{B525F2B2-4E0C-436A-8D67-FC180B74F033}"
EndProject
Project("{9A19103F-16F7-4668-BE54-9A1E7A4F7556}") = "ConsoleClient", "ConsoleClient\ConsoleClient.csproj", "{AA81A392-EF87-4D0B-A9B1-0145218EA75C}"
EndProject
Project("{FAE04EC0-301F-11D3-BF4B-00C04F79EFBC}") = "FW.LogOptions", "Common\FW.LoggerOptions\FW.LogOptions.csproj", "{4BEB5356-67AB-4C51-8284-7AA2BEB680C8}"
EndProject
Global
	GlobalSection(SolutionConfigurationPlatforms) = preSolution
		Debug|Any CPU = Debug|Any CPU
		Release|Any CPU = Release|Any CPU
	EndGlobalSection
	GlobalSection(ProjectConfigurationPlatforms) = postSolution
		{63E90C84-86F7-4F2F-9F20-F57BD128497A}.Debug|Any CPU.ActiveCfg = Debug|Any CPU
		{63E90C84-86F7-4F2F-9F20-F57BD128497A}.Debug|Any CPU.Build.0 = Debug|Any CPU
		{63E90C84-86F7-4F2F-9F20-F57BD128497A}.Release|Any CPU.ActiveCfg = Release|Any CPU
		{63E90C84-86F7-4F2F-9F20-F57BD128497A}.Release|Any CPU.Build.0 = Release|Any CPU
		{63967667-EDCF-4422-A64A-04FF0624E05C}.Debug|Any CPU.ActiveCfg = Debug|Any CPU
		{63967667-EDCF-4422-A64A-04FF0624E05C}.Debug|Any CPU.Build.0 = Debug|Any CPU
		{63967667-EDCF-4422-A64A-04FF0624E05C}.Release|Any CPU.ActiveCfg = Release|Any CPU
		{63967667-EDCF-4422-A64A-04FF0624E05C}.Release|Any CPU.Build.0 = Release|Any CPU
		{4931DDCF-081E-4D2A-85C7-18AC01E8DD65}.Debug|Any CPU.ActiveCfg = Debug|Any CPU
		{4931DDCF-081E-4D2A-85C7-18AC01E8DD65}.Debug|Any CPU.Build.0 = Debug|Any CPU
		{4931DDCF-081E-4D2A-85C7-18AC01E8DD65}.Release|Any CPU.ActiveCfg = Release|Any CPU
		{4931DDCF-081E-4D2A-85C7-18AC01E8DD65}.Release|Any CPU.Build.0 = Release|Any CPU
		{68A66BBE-48D0-42F2-99FE-23D54F463EAD}.Debug|Any CPU.ActiveCfg = Debug|Any CPU
		{68A66BBE-48D0-42F2-99FE-23D54F463EAD}.Debug|Any CPU.Build.0 = Debug|Any CPU
		{68A66BBE-48D0-42F2-99FE-23D54F463EAD}.Release|Any CPU.ActiveCfg = Release|Any CPU
		{68A66BBE-48D0-42F2-99FE-23D54F463EAD}.Release|Any CPU.Build.0 = Release|Any CPU
		{D74CB3B3-F211-4ADB-BE2C-3866EEAB33B5}.Debug|Any CPU.ActiveCfg = Debug|Any CPU
		{D74CB3B3-F211-4ADB-BE2C-3866EEAB33B5}.Debug|Any CPU.Build.0 = Debug|Any CPU
		{D74CB3B3-F211-4ADB-BE2C-3866EEAB33B5}.Release|Any CPU.ActiveCfg = Release|Any CPU
		{D74CB3B3-F211-4ADB-BE2C-3866EEAB33B5}.Release|Any CPU.Build.0 = Release|Any CPU
		{D9F77FA7-266D-4834-ABDC-0C3654A5D5D7}.Debug|Any CPU.ActiveCfg = Debug|Any CPU
		{D9F77FA7-266D-4834-ABDC-0C3654A5D5D7}.Debug|Any CPU.Build.0 = Debug|Any CPU
		{D9F77FA7-266D-4834-ABDC-0C3654A5D5D7}.Release|Any CPU.ActiveCfg = Release|Any CPU
		{D9F77FA7-266D-4834-ABDC-0C3654A5D5D7}.Release|Any CPU.Build.0 = Release|Any CPU
		{687B5133-4CDB-49C7-8DB0-C0E7B8B8D8F4}.Debug|Any CPU.ActiveCfg = Debug|Any CPU
		{687B5133-4CDB-49C7-8DB0-C0E7B8B8D8F4}.Debug|Any CPU.Build.0 = Debug|Any CPU
		{687B5133-4CDB-49C7-8DB0-C0E7B8B8D8F4}.Release|Any CPU.ActiveCfg = Release|Any CPU
		{687B5133-4CDB-49C7-8DB0-C0E7B8B8D8F4}.Release|Any CPU.Build.0 = Release|Any CPU
		{D4DCE155-0D33-4F1B-80B0-D40E3857B3AD}.Debug|Any CPU.ActiveCfg = Debug|Any CPU
		{D4DCE155-0D33-4F1B-80B0-D40E3857B3AD}.Debug|Any CPU.Build.0 = Debug|Any CPU
		{D4DCE155-0D33-4F1B-80B0-D40E3857B3AD}.Release|Any CPU.ActiveCfg = Release|Any CPU
		{D4DCE155-0D33-4F1B-80B0-D40E3857B3AD}.Release|Any CPU.Build.0 = Release|Any CPU
		{0E5568BE-2311-402E-AC79-F64B6F4527A2}.Debug|Any CPU.ActiveCfg = Debug|Any CPU
		{0E5568BE-2311-402E-AC79-F64B6F4527A2}.Debug|Any CPU.Build.0 = Debug|Any CPU
		{0E5568BE-2311-402E-AC79-F64B6F4527A2}.Release|Any CPU.ActiveCfg = Release|Any CPU
		{0E5568BE-2311-402E-AC79-F64B6F4527A2}.Release|Any CPU.Build.0 = Release|Any CPU
		{A7061A20-094D-4CDF-AACD-B3661212C469}.Debug|Any CPU.ActiveCfg = Debug|Any CPU
		{A7061A20-094D-4CDF-AACD-B3661212C469}.Debug|Any CPU.Build.0 = Debug|Any CPU
		{A7061A20-094D-4CDF-AACD-B3661212C469}.Release|Any CPU.ActiveCfg = Release|Any CPU
		{A7061A20-094D-4CDF-AACD-B3661212C469}.Release|Any CPU.Build.0 = Release|Any CPU
		{F5CE3641-4B9F-479D-9144-632D280BD5D9}.Debug|Any CPU.ActiveCfg = Debug|Any CPU
		{F5CE3641-4B9F-479D-9144-632D280BD5D9}.Debug|Any CPU.Build.0 = Debug|Any CPU
		{F5CE3641-4B9F-479D-9144-632D280BD5D9}.Release|Any CPU.ActiveCfg = Release|Any CPU
		{F5CE3641-4B9F-479D-9144-632D280BD5D9}.Release|Any CPU.Build.0 = Release|Any CPU
		{6470CA5D-DCB3-48CA-B643-1E5A7F7DA61C}.Debug|Any CPU.ActiveCfg = Debug|Any CPU
		{6470CA5D-DCB3-48CA-B643-1E5A7F7DA61C}.Debug|Any CPU.Build.0 = Debug|Any CPU
		{6470CA5D-DCB3-48CA-B643-1E5A7F7DA61C}.Release|Any CPU.ActiveCfg = Release|Any CPU
		{6470CA5D-DCB3-48CA-B643-1E5A7F7DA61C}.Release|Any CPU.Build.0 = Release|Any CPU
		{B796A7FB-8AF1-4757-B85E-1D4FDE93D9EB}.Debug|Any CPU.ActiveCfg = Debug|Any CPU
		{B796A7FB-8AF1-4757-B85E-1D4FDE93D9EB}.Debug|Any CPU.Build.0 = Debug|Any CPU
		{B796A7FB-8AF1-4757-B85E-1D4FDE93D9EB}.Release|Any CPU.ActiveCfg = Release|Any CPU
		{B796A7FB-8AF1-4757-B85E-1D4FDE93D9EB}.Release|Any CPU.Build.0 = Release|Any CPU
		{B525F2B2-4E0C-436A-8D67-FC180B74F033}.Debug|Any CPU.ActiveCfg = Debug|Any CPU
		{B525F2B2-4E0C-436A-8D67-FC180B74F033}.Debug|Any CPU.Build.0 = Debug|Any CPU
		{B525F2B2-4E0C-436A-8D67-FC180B74F033}.Release|Any CPU.ActiveCfg = Release|Any CPU
		{B525F2B2-4E0C-436A-8D67-FC180B74F033}.Release|Any CPU.Build.0 = Release|Any CPU
		{AA81A392-EF87-4D0B-A9B1-0145218EA75C}.Debug|Any CPU.ActiveCfg = Debug|Any CPU
		{AA81A392-EF87-4D0B-A9B1-0145218EA75C}.Debug|Any CPU.Build.0 = Debug|Any CPU
		{AA81A392-EF87-4D0B-A9B1-0145218EA75C}.Release|Any CPU.ActiveCfg = Release|Any CPU
		{AA81A392-EF87-4D0B-A9B1-0145218EA75C}.Release|Any CPU.Build.0 = Release|Any CPU
		{4BEB5356-67AB-4C51-8284-7AA2BEB680C8}.Debug|Any CPU.ActiveCfg = Debug|Any CPU
		{4BEB5356-67AB-4C51-8284-7AA2BEB680C8}.Debug|Any CPU.Build.0 = Debug|Any CPU
		{4BEB5356-67AB-4C51-8284-7AA2BEB680C8}.Release|Any CPU.ActiveCfg = Release|Any CPU
		{4BEB5356-67AB-4C51-8284-7AA2BEB680C8}.Release|Any CPU.Build.0 = Release|Any CPU
	EndGlobalSection
	GlobalSection(SolutionProperties) = preSolution
		HideSolutionNode = FALSE
	EndGlobalSection
	GlobalSection(NestedProjects) = preSolution
		{63967667-EDCF-4422-A64A-04FF0624E05C} = {CFF30CBA-8D96-4B3D-8D13-2635B08C62AF}
		{D74CB3B3-F211-4ADB-BE2C-3866EEAB33B5} = {FB6C956B-37E4-49C5-A019-0363CCF5ADAD}
		{481C8DB0-B226-4D38-BB3B-2B6778D90F4D} = {FB6C956B-37E4-49C5-A019-0363CCF5ADAD}
		{D9F77FA7-266D-4834-ABDC-0C3654A5D5D7} = {481C8DB0-B226-4D38-BB3B-2B6778D90F4D}
		{687B5133-4CDB-49C7-8DB0-C0E7B8B8D8F4} = {481C8DB0-B226-4D38-BB3B-2B6778D90F4D}
		{D4DCE155-0D33-4F1B-80B0-D40E3857B3AD} = {481C8DB0-B226-4D38-BB3B-2B6778D90F4D}
		{0E5568BE-2311-402E-AC79-F64B6F4527A2} = {A89D8DAF-1B77-44BD-A239-AC519A79E17B}
		{A7061A20-094D-4CDF-AACD-B3661212C469} = {BE0A3269-11E4-44C7-9DF4-1F40DF913A91}
		{6470CA5D-DCB3-48CA-B643-1E5A7F7DA61C} = {6BB77A99-FEBE-44A4-AA0F-D259F3777D35}
		{B796A7FB-8AF1-4757-B85E-1D4FDE93D9EB} = {BE0A3269-11E4-44C7-9DF4-1F40DF913A91}
		{4BEB5356-67AB-4C51-8284-7AA2BEB680C8} = {BE0A3269-11E4-44C7-9DF4-1F40DF913A91}
	EndGlobalSection
	GlobalSection(ExtensibilityGlobals) = postSolution
		SolutionGuid = {70FF67EE-B953-41C8-B843-1FDE5404B603}
	EndGlobalSection
EndGlobal
